
Microsoft Visual Studio Solution File, Format Version 12.00
Project("{FAE04EC0-301F-11D3-BF4B-00C04F79EFBC}") = "taskE", "taskE\taskE.csproj", "{EDDACFA1-EEEF-4735-BC77-3A72F5C0DABE}"
EndProject
Global
	GlobalSection(SolutionConfigurationPlatforms) = preSolution
		Debug|Any CPU = Debug|Any CPU
		Release|Any CPU = Release|Any CPU
	EndGlobalSection
	GlobalSection(ProjectConfigurationPlatforms) = postSolution
		{EDDACFA1-EEEF-4735-BC77-3A72F5C0DABE}.Debug|Any CPU.ActiveCfg = Debug|Any CPU
		{EDDACFA1-EEEF-4735-BC77-3A72F5C0DABE}.Debug|Any CPU.Build.0 = Debug|Any CPU
		{EDDACFA1-EEEF-4735-BC77-3A72F5C0DABE}.Release|Any CPU.ActiveCfg = Release|Any CPU
		{EDDACFA1-EEEF-4735-BC77-3A72F5C0DABE}.Release|Any CPU.Build.0 = Release|Any CPU
	EndGlobalSection
EndGlobal
