
Microsoft Visual Studio Solution File, Format Version 12.00
Project("{FAE04EC0-301F-11D3-BF4B-00C04F79EFBC}") = "taskB", "taskB\taskB.csproj", "{DE554E75-6F8D-44F8-AAD3-674376C89411}"
EndProject
Global
	GlobalSection(SolutionConfigurationPlatforms) = preSolution
		Debug|Any CPU = Debug|Any CPU
		Release|Any CPU = Release|Any CPU
	EndGlobalSection
	GlobalSection(ProjectConfigurationPlatforms) = postSolution
		{DE554E75-6F8D-44F8-AAD3-674376C89411}.Debug|Any CPU.ActiveCfg = Debug|Any CPU
		{DE554E75-6F8D-44F8-AAD3-674376C89411}.Debug|Any CPU.Build.0 = Debug|Any CPU
		{DE554E75-6F8D-44F8-AAD3-674376C89411}.Release|Any CPU.ActiveCfg = Release|Any CPU
		{DE554E75-6F8D-44F8-AAD3-674376C89411}.Release|Any CPU.Build.0 = Release|Any CPU
	EndGlobalSection
EndGlobal
